
Microsoft Visual Studio Solution File, Format Version 12.00
# Visual Studio Version 17
VisualStudioVersion = 17.5.002.0
MinimumVisualStudioVersion = 10.0.40219.1
Project("{9A19103F-16F7-4668-BE54-9A1E7A4F7556}") = "csharp-ConsoleGraphTest", "csharp-ConsoleGraphTest.csproj", "{81E513F3-5B0D-4056-BE49-6488D1527F80}"
EndProject
Global
	GlobalSection(SolutionConfigurationPlatforms) = preSolution
		Debug|Any CPU = Debug|Any CPU
		Release|Any CPU = Release|Any CPU
	EndGlobalSection
	GlobalSection(ProjectConfigurationPlatforms) = postSolution
		{81E513F3-5B0D-4056-BE49-6488D1527F80}.Debug|Any CPU.ActiveCfg = Debug|Any CPU
		{81E513F3-5B0D-4056-BE49-6488D1527F80}.Debug|Any CPU.Build.0 = Debug|Any CPU
		{81E513F3-5B0D-4056-BE49-6488D1527F80}.Release|Any CPU.ActiveCfg = Release|Any CPU
		{81E513F3-5B0D-4056-BE49-6488D1527F80}.Release|Any CPU.Build.0 = Release|Any CPU
	EndGlobalSection
	GlobalSection(SolutionProperties) = preSolution
		HideSolutionNode = FALSE
	EndGlobalSection
	GlobalSection(ExtensibilityGlobals) = postSolution
		SolutionGuid = {5A157DE9-CB21-4AF7-9288-AB638357F37E}
	EndGlobalSection
EndGlobal
